Microsoft Visual Studio Solution File, Format Version 11.00
# Visual Studio 2012
Project("{FAE04EC0-301F-11D3-BF4B-00C04F79EFBC}") = "GridCommands_DeleteFocusedRow", "GridCommands_DeleteFocusedRow.csproj", "{294F71F5-3E30-4167-8F16-C8C1022C1457}"
EndProject
Global
	GlobalSection(SolutionConfigurationPlatforms) = preSolution
		Debug|Any CPU = Debug|Any CPU
		Release|Any CPU = Release|Any CPU
	EndGlobalSection
	GlobalSection(ProjectConfigurationPlatforms) = postSolution
		{294F71F5-3E30-4167-8F16-C8C1022C1457}.Debug|Any CPU.ActiveCfg = Debug|Any CPU
		{294F71F5-3E30-4167-8F16-C8C1022C1457}.Debug|Any CPU.Build.0 = Debug|Any CPU
		{294F71F5-3E30-4167-8F16-C8C1022C1457}.Release|Any CPU.ActiveCfg = Release|Any CPU
		{294F71F5-3E30-4167-8F16-C8C1022C1457}.Release|Any CPU.Build.0 = Release|Any CPU
	EndGlobalSection
	GlobalSection(SolutionProperties) = preSolution
		HideSolutionNode = FALSE
	EndGlobalSection
EndGlobal
